{
  "name": "aape",
  "lockfileVersion": 1,
  "generatedAt": "2026-08-25T14:06:10.932Z",
  "sources": {
    "local": {
      "type": "git",
      "url": "https://github.com/maumenvi/aape.git",
      "ref": "master",
      "trusted": true,
      "commit": "8359f1bff2c2a5c693d4caeb4798a60a775b33a0",
      "commitResolved": false
    },
    "skillsHub": {
      "type": "git",
      "url": "skillsHub",
      "ref": "main",
      "trusted": false,
      "commit": "c25b258b0ec38ad02264c91d1b8c0d06468bd946",
      "commitResolved": false
    },
    "custom-repo": {
      "type": "git",
      "url": "custom-repo",
      "ref": "main",
      "trusted": false,
      "commit": "911315f601ab5b4d29d2e169651eff7d1384c648",
      "commitResolved": false
    }
  },
  "packages": {
    "skill:skill-name": {
      "name": "skill-name",
      "type": "skill",
      "version": "0.0.0",
      "source": "local",
      "resolvedFrom": "*",
      "path": "skills/skill-name",
      "integrity": "sha256:3af253a1cd0a95e9d5ba7b8d8beb9e94a16ef73254b69e4f1b0ba33c35de8175",
      "enabled": true,
      "capabilities": [],
      "constraints": [],
      "allowedLlms": [
        "*"
      ],
      "sourceCommit": "8359f1bff2c2a5c693d4caeb4798a60a775b33a0",
      "provenance": {
        "repo": "https://github.com/maumenvi/aape.git",
        "ref": "master",
        "trusted": true
      }
    },
    "skill:test-skill": {
      "name": "test-skill",
      "type": "skill",
      "version": "0.0.0",
      "source": "local",
      "resolvedFrom": "*",
      "path": "skills/test-skill",
      "integrity": "sha256:32ec418c313b9832557b2e39183d290eed29ff8ac9caf31bcae497086e25f6ad",
      "enabled": true,
      "capabilities": [],
      "constraints": [],
      "allowedLlms": [
        "*"
      ],
      "sourceCommit": "8359f1bff2c2a5c693d4caeb4798a60a775b33a0",
      "provenance": {
        "repo": "https://github.com/maumenvi/aape.git",
        "ref": "master",
        "trusted": true
      }
    }
  }
}
