{
  "name": "aape-cli",
  "lockfileVersion": 1,
  "generatedAt": "2026-08-26T20:23:14.614Z",
  "sources": {
    "local": {
      "type": "git",
      "url": "https://github.com/maumenvi/aape.git",
      "ref": "master",
      "trusted": true,
      "commit": "8359f1bff2c2a5c693d4caeb4798a60a775b33a0",
      "commitResolved": false
    },
    "mcp": {
      "type": "registry",
      "url": "https://registry.modelcontextprotocol.io",
      "ref": "v0.1",
      "trusted": true,
      "commit": "d16fa3e91a9acf868ed3f68eb95ea81774badec0",
      "commitResolved": false
    }
  },
  "packages": {
    "mcp:ai.smithery/renCosta2025-context7fork": {
      "name": "ai.smithery/renCosta2025-context7fork",
      "type": "mcp",
      "version": "1.0.13",
      "source": "mcp",
      "resolvedFrom": "1.0.13",
      "path": "mcps/ai.smithery/renCosta2025-context7fork",
      "integrity": "sha256:3dabfcbec6c7362a6fe17591c12e47a61aee947d2bcddf559cfe9b27c13d4fbd",
      "enabled": true,
      "capabilities": [],
      "constraints": [],
      "allowedLlms": [
        "*"
      ],
      "sourceCommit": "d16fa3e91a9acf868ed3f68eb95ea81774badec0",
      "provenance": {
        "repo": "https://registry.modelcontextprotocol.io",
        "ref": "v0.1",
        "trusted": true
      },
      "vscode": {
        "transport": "http",
        "url": "https://server.smithery.ai/@renCosta2025/context7fork/mcp",
        "headers": {
          "Authorization": "Bearer {smithery_api_key}"
        }
      }
    }
  }
}
